
Microsoft Visual Studio Solution File, Format Version 12.00
# Visual Studio Version 17
VisualStudioVersion = 17.6.33815.320
MinimumVisualStudioVersion = 10.0.40219.1
Project("{FAE04EC0-301F-11D3-BF4B-00C04F79EFBC}") = "Project-MagicVilla_API", "Project-MagicVilla_API\Project-MagicVilla_API.csproj", "{5C863898-6159-4D85-B50E-2B8CF217B56D}"
EndProject
Global
	GlobalSection(SolutionConfigurationPlatforms) = preSolution
		Debug|Any CPU = Debug|Any CPU
		Release|Any CPU = Release|Any CPU
	EndGlobalSection
	GlobalSection(ProjectConfigurationPlatforms) = postSolution
		{5C863898-6159-4D85-B50E-2B8CF217B56D}.Debug|Any CPU.ActiveCfg = Debug|Any CPU
		{5C863898-6159-4D85-B50E-2B8CF217B56D}.Debug|Any CPU.Build.0 = Debug|Any CPU
		{5C863898-6159-4D85-B50E-2B8CF217B56D}.Release|Any CPU.ActiveCfg = Release|Any CPU
		{5C863898-6159-4D85-B50E-2B8CF217B56D}.Release|Any CPU.Build.0 = Release|Any CPU
	EndGlobalSection
	GlobalSection(SolutionProperties) = preSolution
		HideSolutionNode = FALSE
	EndGlobalSection
	GlobalSection(ExtensibilityGlobals) = postSolution
		SolutionGuid = {841DA13C-9EA0-480A-B585-25179E85F938}
	EndGlobalSection
EndGlobal
